{"SurveyEntry":{"SurveyID":"SV_9AzXFQo2bkExBum","SurveyName":"Employment After University Survey","SurveyDescription":null,"SurveyOwnerID":"UR_XGp3flNQfH1ijyF","SurveyBrandID":"qualtricsxmfdqc65lk9","DivisionID":null,"SurveyLanguage":"EN","SurveyActiveResponseSet":"RS_dhC5AW9iWXTI6dU","SurveyStatus":"Active","SurveyStartDate":"0000-00-00 00:00:00","SurveyExpirationDate":"0000-00-00 00:00:00","SurveyCreationDate":"2026-06-12 08:32:06","CreatorID":"UR_XGp3flNQfH1ijyF","LastModified":"2026-06-12 10:40:02","LastAccessed":"0000-00-00 00:00:00","LastActivated":"2026-06-12 10:40:02","Deleted":null},"SurveyElements":[{"SurveyID":"SV_9AzXFQo2bkExBum","Element":"BL","PrimaryAttribute":"Survey Blocks","SecondaryAttribute":null,"TertiaryAttribute":null,"Payload":[{"Type":"Default","Description":"Default Question Block","ID":"BL_4MaNvGhXWyT72Yu","BlockElements":[{"Type":"Question","QuestionID":"QID1"},{"Type":"Question","QuestionID":"QID2"},{"Type":"Question","QuestionID":"QID3"},{"Type":"Question","QuestionID":"QID6"},{"Type":"Question","QuestionID":"QID5"}]},{"Type":"Trash","Description":"Trash \/ Unused Questions","ID":"BL_aggWEq9HNSkYtZc","BlockElements":[{"Type":"Question","QuestionID":"QID4"},{"Type":"Question","QuestionID":"QID12"},{"Type":"Question","QuestionID":"QID17"},{"Type":"Question","QuestionID":"QID20"}]},{"Type":"Standard","SubType":"","Description":"Please indicate your level of agreement with the following statements.","ID":"BL_elMkP79rHVGSKN0","BlockElements":[{"Type":"Question","QuestionID":"QID24"},{"Type":"Question","QuestionID":"QID7"},{"Type":"Question","QuestionID":"QID8"},{"Type":"Question","QuestionID":"QID9"},{"Type":"Question","QuestionID":"QID10"},{"Type":"Question","QuestionID":"QID11"},{"Type":"Question","QuestionID":"QID13"},{"Type":"Question","QuestionID":"QID14"},{"Type":"Question","QuestionID":"QID15"},{"Type":"Question","QuestionID":"QID16"}],"Options":{"BlockLocking":"false","RandomizeQuestions":"false","BlockVisibility":"Expanded"}},{"Type":"Standard","SubType":"","Description":"Overall assessment of the job market.","ID":"BL_ekEEO7wdu5yT8rQ","BlockElements":[{"Type":"Question","QuestionID":"QID25"},{"Type":"Question","QuestionID":"QID18"},{"Type":"Question","QuestionID":"QID19"}]},{"Type":"Standard","SubType":"","Description":"Open-Ended Question","ID":"BL_bypu2C40ZEqxoPk","BlockElements":[{"Type":"Question","QuestionID":"QID26"},{"Type":"Question","QuestionID":"QID21"},{"Type":"Question","QuestionID":"QID22"},{"Type":"Question","QuestionID":"QID23"}],"Options":{"BlockLocking":"false","RandomizeQuestions":"false","PreviousButton":"","previousButtonMID":"","NextButton":"Submit","nextButtonMID":"","previousButtonLibraryID":"","nextButtonLibraryID":""}}]},{"SurveyID":"SV_9AzXFQo2bkExBum","Element":"FL","PrimaryAttribute":"Survey Flow","SecondaryAttribute":null,"TertiaryAttribute":null,"Payload":{"Type":"Root","FlowID":"FL_1","Flow":[{"Type":"Block","ID":"BL_4MaNvGhXWyT72Yu","FlowID":"FL_2","Autofill":[]},{"ID":"BL_elMkP79rHVGSKN0","Type":"Standard","FlowID":"FL_5"},{"ID":"BL_ekEEO7wdu5yT8rQ","Type":"Standard","FlowID":"FL_6"},{"ID":"BL_bypu2C40ZEqxoPk","Type":"Standard","FlowID":"FL_7"},{"Type":"Block","FlowID":"FL_4","Autofill":[]}],"Properties":{"Count":7}}},{"SurveyID":"SV_9AzXFQo2bkExBum","Element":"PL","PrimaryAttribute":"Preview Link","SecondaryAttribute":null,"TertiaryAttribute":null,"Payload":{"PreviewType":"Brand","PreviewID":"c1449d0e-9078-45bf-b126-a7c78b01785f"}},{"SurveyID":"SV_9AzXFQo2bkExBum","Element":"PROJ","PrimaryAttribute":"CORE","SecondaryAttribute":null,"TertiaryAttribute":"1.1.0","Payload":{"ProjectCategory":"CORE","SchemaVersion":"1.1.0"}},{"SurveyID":"SV_9AzXFQo2bkExBum","Element":"QC","PrimaryAttribute":"Survey Question Count","SecondaryAttribute":"26","TertiaryAttribute":null,"Payload":null},{"SurveyID":"SV_9AzXFQo2bkExBum","Element":"RS","PrimaryAttribute":"RS_dhC5AW9iWXTI6dU","SecondaryAttribute":"Default Response Set","TertiaryAttribute":null,"Payload":null},{"SurveyID":"SV_9AzXFQo2bkExBum","Element":"SCO","PrimaryAttribute":"Scoring","SecondaryAttribute":null,"TertiaryAttribute":null,"Payload":{"ScoringCategories":[],"ScoringCategoryGroups":[],"ScoringSummaryCategory":null,"ScoringSummaryAfterQuestions":0,"ScoringSummaryAfterSurvey":0,"DefaultScoringCategory":null,"AutoScoringCategory":null}},{"SurveyID":"SV_9AzXFQo2bkExBum","Element":"SO","PrimaryAttribute":"Survey Options","SecondaryAttribute":null,"TertiaryAttribute":null,"Payload":{"BackButton":"false","SaveAndContinue":"true","SurveyProtection":"PublicSurvey","BallotBoxStuffingPrevention":"false","NoIndex":"Yes","SecureResponseFiles":"true","SurveyExpiration":"None","SurveyTermination":"DisplayMessage","Header":"","Footer":"","ProgressBarDisplay":"None","PartialData":"+1 week","ValidationMessage":null,"PreviousButton":"","NextButton":"","SurveyTitle":"Qualtrics Survey | Qualtrics Experience Management","SkinLibrary":"qualtricsxmfdqc65lk9","SkinType":"component","Skin":{"brandingId":null,"templateId":"*simple","overrides":null},"NewScoring":1,"SurveyMetaDescription":"The most powerful, simple and trusted way to gather experience data. Start your journey to experience management and try a free account today.","SurveyName":"Employment After University Survey","EOSMessage":"MS_eb5KCXpRxpqHmTk","ShowExportTags":"false","CollectGeoLocation":"false","PasswordProtection":"No","AnonymizeResponse":"No","RefererCheck":"No","BallotBoxStuffingPreventionBehavior":null,"BallotBoxStuffingPreventionMessage":null,"BallotBoxStuffingPreventionMessageLibrary":null,"BallotBoxStuffingPreventionURL":null,"UseCustomSurveyLinkCompletedMessage":null,"SurveyLinkCompletedMessage":null,"SurveyLinkCompletedMessageLibrary":null,"ResponseSummary":"No","EOSMessageLibrary":"UR_XGp3flNQfH1ijyF","EOSRedirectURL":null,"EmailThankYou":"false","ThankYouEmailMessageLibrary":null,"ThankYouEmailMessage":null,"ValidateMessage":"false","ValidationMessageLibrary":null,"InactiveSurvey":null,"PartialDeletion":null,"PartialDataCloseAfter":"LastActivity","InactiveMessageLibrary":null,"InactiveMessage":null,"AvailableLanguages":{"EN":[]}}},{"SurveyID":"SV_9AzXFQo2bkExBum","Element":"SQ","PrimaryAttribute":"QID1","SecondaryAttribute":"Are you a current undergraduate student at the University of Toronto?","TertiaryAttribute":null,"Payload":{"QuestionText":"Are you a current undergraduate student at the University of Toronto?","DataExportTag":"Q1","QuestionType":"MC","Selector":"SAVR","SubSelector":"TX","DataVisibility":{"Private":false,"Hidden":false},"Configuration":{"QuestionDescriptionOption":"UseText"},"QuestionDescription":"Are you a current undergraduate student at the University of Toronto?","Choices":{"1":{"Display":"Yes"},"2":{"Display":"No"}},"ChoiceOrder":[1,2],"Validation":{"Settings":{"ForceResponse":"ON","ForceResponseType":"ON","Type":"None"}},"Language":[],"NextChoiceId":3,"NextAnswerId":1,"QuestionID":"QID1"}},{"SurveyID":"SV_9AzXFQo2bkExBum","Element":"SQ","PrimaryAttribute":"QID10","SecondaryAttribute":"The current economic climate makes me concerned about finding employment after graduation.","TertiaryAttribute":null,"Payload":{"QuestionText":"The current economic climate makes me concerned about finding employment after graduation.","DefaultChoices":false,"DataExportTag":"Q10","QuestionType":"MC","Selector":"SAVR","SubSelector":"TX","DataVisibility":{"Private":false,"Hidden":false},"Configuration":{"QuestionDescriptionOption":"UseText","Autoscale":{"YScale":{"Name":"agreeDisagree","Type":"likert","Reverse":true}}},"QuestionDescription":"The current economic climate makes me concerned about finding employment after graduation.","Choices":{"1":{"Display":"Strongly Agree"},"2":{"Display":"Somewhat agree"},"3":{"Display":"Neither agree nor disagree"},"4":{"Display":"Somewhat disagree"},"5":{"Display":"Strongly disagree"}},"ChoiceOrder":["1","2","3","4","5"],"Validation":{"Settings":{"ForceResponse":"ON","ForceResponseType":"ON","Type":"None"}},"GradingData":[],"Language":[],"NextChoiceId":6,"NextAnswerId":1,"QuestionID":"QID10"}},{"SurveyID":"SV_9AzXFQo2bkExBum","Element":"SQ","PrimaryAttribute":"QID11","SecondaryAttribute":"Competition for entry-level jobs is intense.","TertiaryAttribute":null,"Payload":{"QuestionText":"Competition for entry-level jobs is intense.","DefaultChoices":false,"DataExportTag":"Q11","QuestionType":"MC","Selector":"SAVR","SubSelector":"TX","DataVisibility":{"Private":false,"Hidden":false},"Configuration":{"QuestionDescriptionOption":"UseText","Autoscale":{"YScale":{"Name":"agreeDisagree","Type":"likert","Reverse":true}}},"QuestionDescription":"Competition for entry-level jobs is intense.","Choices":{"1":{"Display":"Strongly Agree"},"2":{"Display":"Somewhat agree"},"3":{"Display":"Neither agree nor disagree"},"4":{"Display":"Somewhat disagree"},"5":{"Display":"Strongly disagree"}},"ChoiceOrder":["1","2","3","4","5"],"Validation":{"Settings":{"ForceResponse":"ON","ForceResponseType":"ON","Type":"None"}},"GradingData":[],"Language":[],"NextChoiceId":6,"NextAnswerId":1,"QuestionID":"QID11"}},{"SurveyID":"SV_9AzXFQo2bkExBum","Element":"SQ","PrimaryAttribute":"QID12","SecondaryAttribute":"I believe employers' expectations for entry-level positions are reasonable.","TertiaryAttribute":null,"Payload":{"QuestionText":"I believe employers' expectations for entry-level positions are reasonable.","DefaultChoices":false,"DataExportTag":"Q12","QuestionType":"MC","Selector":"SAVR","SubSelector":"TX","DataVisibility":{"Private":false,"Hidden":false},"Configuration":{"QuestionDescriptionOption":"UseText","Autoscale":{"YScale":{"Name":"agreeDisagree","Type":"likert","Reverse":true}}},"QuestionDescription":"I believe employers' expectations for entry-level positions are reasonable.","Choices":{"1":{"Display":"Strongly Agree"},"2":{"Display":"Somewhat agree"},"3":{"Display":"Neither agree nor disagree"},"4":{"Display":"Somewhat disagree"},"5":{"Display":"Strongly disagree"}},"ChoiceOrder":["1","2","3","4","5"],"Validation":{"Settings":{"ForceResponse":"OFF","Type":"None"}},"GradingData":[],"Language":[],"NextChoiceId":6,"NextAnswerId":1,"QuestionID":"QID12"}},{"SurveyID":"SV_9AzXFQo2bkExBum","Element":"SQ","PrimaryAttribute":"QID13","SecondaryAttribute":"I feel prepared to meet the qualifications employers are seeking.","TertiaryAttribute":null,"Payload":{"QuestionText":"I feel prepared to meet the qualifications employers are seeking.","DefaultChoices":false,"DataExportTag":"Q13","QuestionType":"MC","Selector":"SAVR","SubSelector":"TX","DataVisibility":{"Private":false,"Hidden":false},"Configuration":{"QuestionDescriptionOption":"UseText","Autoscale":{"YScale":{"Name":"agreeDisagree","Type":"likert","Reverse":true}}},"QuestionDescription":"I feel prepared to meet the qualifications employers are seeking.","Choices":{"1":{"Display":"Strongly Agree"},"2":{"Display":"Somewhat agree"},"3":{"Display":"Neither agree nor disagree"},"4":{"Display":"Somewhat disagree"},"5":{"Display":"Strongly disagree"}},"ChoiceOrder":["1","2","3","4","5"],"Validation":{"Settings":{"ForceResponse":"ON","ForceResponseType":"ON","Type":"None"}},"GradingData":[],"Language":[],"NextChoiceId":6,"NextAnswerId":1,"QuestionID":"QID13"}},{"SurveyID":"SV_9AzXFQo2bkExBum","Element":"SQ","PrimaryAttribute":"QID14","SecondaryAttribute":"My university education is preparing me for the job market.","TertiaryAttribute":null,"Payload":{"QuestionText":"My university education is preparing me for the job market.","DefaultChoices":false,"DataExportTag":"Q14","QuestionType":"MC","Selector":"SAVR","SubSelector":"TX","DataVisibility":{"Private":false,"Hidden":false},"Configuration":{"QuestionDescriptionOption":"UseText","Autoscale":{"YScale":{"Name":"agreeDisagree","Type":"likert","Reverse":true}}},"QuestionDescription":"My university education is preparing me for the job market.","Choices":{"1":{"Display":"Strongly Agree"},"2":{"Display":"Somewhat agree"},"3":{"Display":"Neither agree nor disagree"},"4":{"Display":"Somewhat disagree"},"5":{"Display":"Strongly disagree"}},"ChoiceOrder":["1","2","3","4","5"],"Validation":{"Settings":{"ForceResponse":"ON","ForceResponseType":"ON","Type":"None"}},"GradingData":[],"Language":[],"NextChoiceId":6,"NextAnswerId":1,"QuestionID":"QID14"}},{"SurveyID":"SV_9AzXFQo2bkExBum","Element":"SQ","PrimaryAttribute":"QID15","SecondaryAttribute":"I am confident I will find employment commensurate with my qualifications after graduation.","TertiaryAttribute":null,"Payload":{"QuestionText":"I am confident I will find employment commensurate with my qualifications after graduation.","DefaultChoices":false,"DataExportTag":"Q15","QuestionType":"MC","Selector":"SAVR","SubSelector":"TX","DataVisibility":{"Private":false,"Hidden":false},"Configuration":{"QuestionDescriptionOption":"UseText","Autoscale":{"YScale":{"Name":"agreeDisagree","Type":"likert","Reverse":true}}},"QuestionDescription":"I am confident I will find employment commensurate with my qualifications after graduation.","Choices":{"1":{"Display":"Strongly Agree"},"2":{"Display":"Somewhat agree"},"3":{"Display":"Neither agree nor disagree"},"4":{"Display":"Somewhat disagree"},"5":{"Display":"Strongly disagree"}},"ChoiceOrder":["1","2","3","4","5"],"Validation":{"Settings":{"ForceResponse":"ON","ForceResponseType":"ON","Type":"None"}},"GradingData":[],"Language":[],"NextChoiceId":6,"NextAnswerId":1,"QuestionID":"QID15"}},{"SurveyID":"SV_9AzXFQo2bkExBum","Element":"SQ","PrimaryAttribute":"QID16","SecondaryAttribute":"I am confident I will earn a satisfactory salary in my first full-time position after graduation.","TertiaryAttribute":null,"Payload":{"QuestionText":"I am confident I will earn a satisfactory salary in my first full-time position after graduation.","DefaultChoices":false,"DataExportTag":"Q16","QuestionType":"MC","Selector":"SAVR","SubSelector":"TX","DataVisibility":{"Private":false,"Hidden":false},"Configuration":{"QuestionDescriptionOption":"UseText","Autoscale":{"YScale":{"Name":"agreeDisagree","Type":"likert","Reverse":true}}},"QuestionDescription":"I am confident I will earn a satisfactory salary in my first full-time position after graduation.","Choices":{"1":{"Display":"Strongly Agree"},"2":{"Display":"Somewhat agree"},"3":{"Display":"Neither agree nor disagree"},"4":{"Display":"Somewhat disagree"},"5":{"Display":"Strongly disagree"}},"ChoiceOrder":["1","2","3","4","5"],"Validation":{"Settings":{"ForceResponse":"ON","ForceResponseType":"ON","Type":"None"}},"GradingData":[],"Language":[],"NextChoiceId":6,"NextAnswerId":1,"QuestionID":"QID16"}},{"SurveyID":"SV_9AzXFQo2bkExBum","Element":"SQ","PrimaryAttribute":"QID17","SecondaryAttribute":"Click to write the question text","TertiaryAttribute":null,"Payload":{"QuestionText":"Click to write the question text","DefaultChoices":false,"DataExportTag":"Q17","QuestionType":"MC","Selector":"SAVR","SubSelector":"TX","DataVisibility":{"Private":false,"Hidden":false},"Configuration":{"QuestionDescriptionOption":"UseText"},"QuestionDescription":"Click to write the question text","Choices":{"1":{"Display":"Click to write Choice 1"},"2":{"Display":"Click to write Choice 2"},"3":{"Display":"Click to write Choice 3"}},"ChoiceOrder":["1","2","3"],"Validation":{"Settings":{"ForceResponse":"OFF","Type":"None"}},"GradingData":[],"Language":[],"NextChoiceId":4,"NextAnswerId":1,"QuestionID":"QID17"}},{"SurveyID":"SV_9AzXFQo2bkExBum","Element":"SQ","PrimaryAttribute":"QID18","SecondaryAttribute":"How would you describe your overall outlook on the job market after graduation?","TertiaryAttribute":null,"Payload":{"QuestionText":"How would you describe your overall outlook on the job market after graduation?","DefaultChoices":false,"DataExportTag":"Q18","QuestionType":"MC","Selector":"SAVR","SubSelector":"TX","DataVisibility":{"Private":false,"Hidden":false},"Configuration":{"QuestionDescriptionOption":"UseText"},"QuestionDescription":"How would you describe your overall outlook on the job market after graduation?","Choices":{"1":{"Display":"Very Positive"},"2":{"Display":"Somewhat Positive"},"3":{"Display":"Neutral"},"4":{"Display":"Somewhat Negative"},"5":{"Display":"Very Negative"}},"ChoiceOrder":[1,2,3,4,5],"Validation":{"Settings":{"ForceResponse":"ON","ForceResponseType":"ON","Type":"None"}},"GradingData":[],"Language":[],"NextChoiceId":6,"NextAnswerId":1,"QuestionID":"QID18"}},{"SurveyID":"SV_9AzXFQo2bkExBum","Element":"SQ","PrimaryAttribute":"QID19","SecondaryAttribute":"On a scale from 0\u201310, how confident are you that you will achieve your desired job position after.","TertiaryAttribute":null,"Payload":{"QuestionText":"On a scale from 0\u201310, how confident are you that you will achieve your desired job position after graduation?","DefaultChoices":false,"DataExportTag":"Q19","QuestionType":"MC","Selector":"SAVR","SubSelector":"TX","DataVisibility":{"Private":false,"Hidden":false},"Configuration":{"QuestionDescriptionOption":"UseText"},"QuestionDescription":"On a scale from 0\u201310, how confident are you that you will achieve your desired job position after...","Choices":{"1":{"Display":"0 (Not at all confident)"},"2":{"Display":"1"},"3":{"Display":"2"},"4":{"Display":"3"},"5":{"Display":"4"},"6":{"Display":"5"},"7":{"Display":"6"},"8":{"Display":"7"},"9":{"Display":"8"},"10":{"Display":"9"},"11":{"Display":"10 (Extremely confident)"},"12":{"Display":"I am unsure of my desired future role."}},"ChoiceOrder":[1,2,3,4,5,6,7,8,9,10,11,12],"Validation":{"Settings":{"ForceResponse":"ON","ForceResponseType":"ON","Type":"None"}},"GradingData":[],"Language":[],"NextChoiceId":13,"NextAnswerId":1,"QuestionID":"QID19"}},{"SurveyID":"SV_9AzXFQo2bkExBum","Element":"SQ","PrimaryAttribute":"QID2","SecondaryAttribute":"What year of study are you currently in?","TertiaryAttribute":null,"Payload":{"QuestionText":"What year of study are you currently in?","DefaultChoices":false,"DataExportTag":"Q2","QuestionType":"MC","Selector":"SAVR","SubSelector":"TX","DataVisibility":{"Private":false,"Hidden":false},"Configuration":{"QuestionDescriptionOption":"UseText"},"QuestionDescription":"What year of study are you currently in?","Choices":{"1":{"Display":"1st year"},"2":{"Display":"2nd year"},"3":{"Display":"3rd year"},"4":{"Display":"4th year"},"5":{"Display":"5th+ year"}},"ChoiceOrder":[1,2,3,4,5],"Validation":{"Settings":{"ForceResponse":"ON","ForceResponseType":"ON","Type":"None"}},"GradingData":[],"Language":[],"NextChoiceId":6,"NextAnswerId":1,"QuestionID":"QID2"}},{"SurveyID":"SV_9AzXFQo2bkExBum","Element":"SQ","PrimaryAttribute":"QID20","SecondaryAttribute":"What is your biggest concern regarding employment after graduation?","TertiaryAttribute":null,"Payload":{"QuestionText":"What is your biggest concern regarding employment after graduation?","DefaultChoices":false,"DataExportTag":"Q20","QuestionType":"MC","Selector":"SAVR","SubSelector":"TX","DataVisibility":{"Private":false,"Hidden":false},"Configuration":{"QuestionDescriptionOption":"UseText"},"QuestionDescription":"What is your biggest concern regarding employment after graduation?","Choices":{"1":{"Display":"Click to write Choice 1"},"2":{"Display":"Click to write Choice 2"},"3":{"Display":"Click to write Choice 3"}},"ChoiceOrder":["1","2","3"],"Validation":{"Settings":{"ForceResponse":"OFF","Type":"None"}},"GradingData":[],"Language":[],"NextChoiceId":4,"NextAnswerId":1,"QuestionID":"QID20"}},{"SurveyID":"SV_9AzXFQo2bkExBum","Element":"SQ","PrimaryAttribute":"QID21","SecondaryAttribute":"What is your biggest concern regarding employment after graduation?","TertiaryAttribute":null,"Payload":{"QuestionText":"What is your biggest concern regarding employment after graduation?","DefaultChoices":false,"DataExportTag":"Q21","QuestionType":"TE","Selector":"ML","DataVisibility":{"Private":false,"Hidden":false},"Configuration":{"QuestionDescriptionOption":"UseText"},"QuestionDescription":"What is your biggest concern regarding employment after graduation?","Validation":{"Settings":{"ForceResponse":"OFF","Type":"None"}},"GradingData":[],"Language":[],"NextChoiceId":4,"NextAnswerId":1,"SearchSource":{"AllowFreeResponse":"false"},"QuestionID":"QID21"}},{"SurveyID":"SV_9AzXFQo2bkExBum","Element":"SQ","PrimaryAttribute":"QID22","SecondaryAttribute":"What factors make you feel optimistic or pessimistic about your future job prospects?","TertiaryAttribute":null,"Payload":{"QuestionText":"What factors make you feel optimistic or pessimistic about your future job prospects?","DefaultChoices":false,"DataExportTag":"Q22","QuestionType":"TE","Selector":"ML","DataVisibility":{"Private":false,"Hidden":false},"Configuration":{"QuestionDescriptionOption":"UseText"},"QuestionDescription":"What factors make you feel optimistic or pessimistic about your future job prospects?","Validation":{"Settings":{"ForceResponse":"OFF","Type":"None"}},"GradingData":[],"Language":[],"NextChoiceId":4,"NextAnswerId":1,"SearchSource":{"AllowFreeResponse":"false"},"QuestionID":"QID22"}},{"SurveyID":"SV_9AzXFQo2bkExBum","Element":"SQ","PrimaryAttribute":"QID23","SecondaryAttribute":"Is there anything the University of Toronto could do to better prepare students for the job market?","TertiaryAttribute":null,"Payload":{"QuestionText":"Is there anything the University of Toronto could do to better prepare students for the job market?","DefaultChoices":false,"DataExportTag":"Q23","QuestionType":"TE","Selector":"ML","DataVisibility":{"Private":false,"Hidden":false},"Configuration":{"QuestionDescriptionOption":"UseText"},"QuestionDescription":"Is there anything the University of Toronto could do to better prepare students for the job market?","Validation":{"Settings":{"ForceResponse":"OFF","Type":"None"}},"GradingData":[],"Language":[],"NextChoiceId":4,"NextAnswerId":1,"SearchSource":{"AllowFreeResponse":"false"},"QuestionID":"QID23"}},{"SurveyID":"SV_9AzXFQo2bkExBum","Element":"SQ","PrimaryAttribute":"QID24","SecondaryAttribute":"Please indicate your level of agreement with the following statements.","TertiaryAttribute":null,"Payload":{"QuestionText":"Please indicate your level of agreement with the following statements.","DefaultChoices":false,"DataExportTag":"Q24","QuestionType":"DB","Selector":"TB","DataVisibility":{"Private":false,"Hidden":false},"Configuration":{"QuestionDescriptionOption":"UseText"},"QuestionDescription":"Please indicate your level of agreement with the following statements.","ChoiceOrder":[],"Validation":{"Settings":{"Type":"None"}},"GradingData":[],"Language":[],"NextChoiceId":4,"NextAnswerId":1,"QuestionID":"QID24"}},{"SurveyID":"SV_9AzXFQo2bkExBum","Element":"SQ","PrimaryAttribute":"QID25","SecondaryAttribute":"The following questions will ask about your overall assessment of the job market.","TertiaryAttribute":null,"Payload":{"QuestionText":"The following questions will ask about your overall assessment of the job market.","DefaultChoices":false,"DataExportTag":"Q25","QuestionType":"DB","Selector":"TB","DataVisibility":{"Private":false,"Hidden":false},"Configuration":{"QuestionDescriptionOption":"UseText"},"QuestionDescription":"The following questions will ask about your overall assessment of the job market.","ChoiceOrder":[],"Validation":{"Settings":{"Type":"None"}},"GradingData":[],"Language":[],"NextChoiceId":4,"NextAnswerId":1,"QuestionID":"QID25"}},{"SurveyID":"SV_9AzXFQo2bkExBum","Element":"SQ","PrimaryAttribute":"QID26","SecondaryAttribute":"Please answer the following open-ended questions through the text boxes below.","TertiaryAttribute":null,"Payload":{"QuestionText":"Please answer the following open-ended questions through the text boxes below.","DefaultChoices":false,"DataExportTag":"Q26","QuestionType":"DB","Selector":"TB","DataVisibility":{"Private":false,"Hidden":false},"Configuration":{"QuestionDescriptionOption":"UseText"},"QuestionDescription":"Please answer the following open-ended questions through the text boxes below.","ChoiceOrder":[],"Validation":{"Settings":{"Type":"None"}},"GradingData":[],"Language":[],"NextChoiceId":4,"NextAnswerId":1,"QuestionID":"QID26"}},{"SurveyID":"SV_9AzXFQo2bkExBum","Element":"SQ","PrimaryAttribute":"QID3","SecondaryAttribute":"Please select the option that best describes your field of studies.","TertiaryAttribute":null,"Payload":{"QuestionText":"Please select the option that best describes your field of studies.","DefaultChoices":false,"DataExportTag":"Q3","QuestionType":"MC","Selector":"SAVR","SubSelector":"TX","DataVisibility":{"Private":false,"Hidden":false},"Configuration":{"QuestionDescriptionOption":"UseText"},"QuestionDescription":"Please select the option that best describes your field of studies.","Choices":{"1":{"Display":"Arts\/Humanities (History, philosophy, art history, etc)"},"2":{"Display":"Social Sciences (Ex. Political Science, Economics, Sociology, etc)"},"3":{"Display":"Natural Sciences (Ex. Biology, chemistry, earth sciences, etc)"},"4":{"Display":"Business\/ Commerce (Ex. Management, accounting, finance)"},"5":{"Display":"Formal Sciences (Ex. Computer science, data science, statistics, mathematics, etc)"}},"ChoiceOrder":[1,2,3,4,5],"Validation":{"Settings":{"ForceResponse":"ON","ForceResponseType":"ON","Type":"None"}},"GradingData":[],"Language":[],"NextChoiceId":6,"NextAnswerId":1,"QuestionID":"QID3"}},{"SurveyID":"SV_9AzXFQo2bkExBum","Element":"SQ","PrimaryAttribute":"QID4","SecondaryAttribute":"What is your outlook toward the current job market in the Greater Toronto Area?","TertiaryAttribute":null,"Payload":{"QuestionText":"What is your outlook toward the current job market in the Greater Toronto Area?","DefaultChoices":false,"DataExportTag":"Q4","QuestionType":"MC","Selector":"SAVR","SubSelector":"TX","DataVisibility":{"Private":false,"Hidden":false},"Configuration":{"QuestionDescriptionOption":"UseText"},"QuestionDescription":"What is your outlook toward the current job market in the Greater Toronto Area?","Choices":{"1":{"Display":"Very Positive"},"2":{"Display":"Somewhat Positive"},"3":{"Display":"Neutral"},"4":{"Display":"Somewhat Negative"},"5":{"Display":"Very Negative"}},"ChoiceOrder":[1,2,3,4,5],"Validation":{"Settings":{"ForceResponse":"OFF","Type":"None"}},"GradingData":[],"Language":[],"NextChoiceId":6,"NextAnswerId":1,"QuestionID":"QID4"}},{"SurveyID":"SV_9AzXFQo2bkExBum","Element":"SQ","PrimaryAttribute":"QID5","SecondaryAttribute":"How many years of work or professional experience do you have so far? (This can include any exper...","TertiaryAttribute":null,"Payload":{"QuestionText":"How many years of work or professional experience do you have so far? (This can include any experience done prior to or during university)","DefaultChoices":false,"DataExportTag":"Q5","QuestionType":"MC","Selector":"SAVR","SubSelector":"TX","DataVisibility":{"Private":false,"Hidden":false},"Configuration":{"QuestionDescriptionOption":"UseText"},"QuestionDescription":"How many years of work or professional experience do you have so far? (This can include any exper...","Choices":{"1":{"Display":"0 years"},"2":{"Display":"1 year"},"3":{"Display":"2 years"},"4":{"Display":"3 years"},"5":{"Display":"4 years"},"6":{"Display":"5+ years"}},"ChoiceOrder":[1,2,3,4,5,6],"Validation":{"Settings":{"ForceResponse":"ON","ForceResponseType":"ON","Type":"None"}},"GradingData":[],"Language":[],"NextChoiceId":7,"NextAnswerId":1,"QuestionID":"QID5"}},{"SurveyID":"SV_9AzXFQo2bkExBum","Element":"SQ","PrimaryAttribute":"QID6","SecondaryAttribute":"Have you completed any of the following during university?","TertiaryAttribute":null,"Payload":{"QuestionText":"Have you completed any of the following during university?","DefaultChoices":false,"DataExportTag":"Q6","QuestionType":"MC","Selector":"MAVR","SubSelector":"TX","DataVisibility":{"Private":false,"Hidden":false},"Configuration":{"QuestionDescriptionOption":"UseText"},"QuestionDescription":"Have you completed any of the following during university?","Choices":{"1":{"Display":"Internship"},"2":{"Display":"Co-op placement"},"3":{"Display":"Part-time employment (on or off-campus)"},"4":{"Display":"Volunteer experience"},"5":{"Display":"None of the above"}},"ChoiceOrder":[1,2,3,4,5],"Validation":{"Settings":{"ForceResponse":"ON","ForceResponseType":"ON","Type":"None"}},"GradingData":[],"Language":[],"NextChoiceId":6,"NextAnswerId":1,"QuestionID":"QID6","AnalyzeChoices":{"6":"No","5":"No"}}},{"SurveyID":"SV_9AzXFQo2bkExBum","Element":"SQ","PrimaryAttribute":"QID7","SecondaryAttribute":"I am optimistic about my employment prospects after graduation.","TertiaryAttribute":null,"Payload":{"QuestionText":"I am optimistic about my employment prospects after graduation.","DefaultChoices":false,"DataExportTag":"Q7","QuestionType":"MC","Selector":"SAVR","SubSelector":"TX","DataVisibility":{"Private":false,"Hidden":false},"Configuration":{"QuestionDescriptionOption":"SpecifyLabel","Autoscale":{"YScale":{"Name":"agreeDisagree","Type":"likert","Reverse":true}}},"QuestionDescription":"I am optimistic about my employment prospects after graduation.","Choices":{"1":{"Display":"Strongly Agree"},"2":{"Display":"Somewhat agree"},"3":{"Display":"Neither agree nor disagree"},"4":{"Display":"Somewhat disagree"},"5":{"Display":"Strongly disagree"}},"ChoiceOrder":["1","2","3","4","5"],"Validation":{"Settings":{"ForceResponse":"ON","ForceResponseType":"ON","Type":"None"}},"GradingData":[],"Language":[],"NextChoiceId":6,"NextAnswerId":1,"QuestionID":"QID7"}},{"SurveyID":"SV_9AzXFQo2bkExBum","Element":"SQ","PrimaryAttribute":"QID8","SecondaryAttribute":"I believe there will be sufficient job opportunities in my field after I graduate.","TertiaryAttribute":null,"Payload":{"QuestionText":"I believe there will be sufficient job opportunities in my field after I graduate.","DefaultChoices":false,"DataExportTag":"Q8","QuestionType":"MC","Selector":"SAVR","SubSelector":"TX","DataVisibility":{"Private":false,"Hidden":false},"Configuration":{"QuestionDescriptionOption":"UseText","Autoscale":{"YScale":{"Name":"agreeDisagree","Type":"likert","Reverse":true}}},"QuestionDescription":"I believe there will be sufficient job opportunities in my field after I graduate.","Choices":{"1":{"Display":"Strongly agree"},"2":{"Display":"Somewhat agree"},"3":{"Display":"Neither agree nor disagree"},"4":{"Display":"Somewhat disagree"},"5":{"Display":"Strongly disagree"}},"ChoiceOrder":["1","2","3","4","5"],"Validation":{"Settings":{"ForceResponse":"ON","ForceResponseType":"ON","Type":"None"}},"GradingData":[],"Language":[],"NextChoiceId":6,"NextAnswerId":1,"QuestionID":"QID8"}},{"SurveyID":"SV_9AzXFQo2bkExBum","Element":"SQ","PrimaryAttribute":"QID9","SecondaryAttribute":"I am confident that I will secure a full-time job within six months of graduating.","TertiaryAttribute":null,"Payload":{"QuestionText":"I am confident that I will secure a full-time job within six months of graduating.","DefaultChoices":false,"DataExportTag":"Q9","QuestionType":"MC","Selector":"SAVR","SubSelector":"TX","DataVisibility":{"Private":false,"Hidden":false},"Configuration":{"QuestionDescriptionOption":"UseText","Autoscale":{"YScale":{"Name":"agreeDisagree","Type":"likert","Reverse":true}}},"QuestionDescription":"I am confident that I will secure a full-time job within six months of graduating.","Choices":{"1":{"Display":"Strongly Agree"},"2":{"Display":"Somewhat agree"},"3":{"Display":"Neither agree nor disagree"},"4":{"Display":"Somewhat disagree"},"5":{"Display":"Strongly disagree"}},"ChoiceOrder":["1","2","3","4","5"],"Validation":{"Settings":{"ForceResponse":"ON","ForceResponseType":"ON","Type":"None"}},"GradingData":[],"Language":[],"NextChoiceId":6,"NextAnswerId":1,"QuestionID":"QID9"}},{"SurveyID":"SV_9AzXFQo2bkExBum","Element":"STAT","PrimaryAttribute":"Survey Statistics","SecondaryAttribute":null,"TertiaryAttribute":null,"Payload":{"MobileCompatible":true,"ID":"Survey Statistics"}}]}